
Microsoft Visual Studio Solution File, Format Version 12.00
# Visual Studio 14
VisualStudioVersion = 14.0.23107.0
MinimumVisualStudioVersion = 10.0.40219.1
Project("{FAE04EC0-301F-11D3-BF4B-00C04F79EFBC}") = "LVL3.DAL", "LVL3.DAL\LVL3.DAL.csproj", "{F97D809E-73EC-42E0-BE5D-35DB52CF0C0C}"
EndProject
Project("{FAE04EC0-301F-11D3-BF4B-00C04F79EFBC}") = "LVL3.Model", "LVL3.Model\LVL3.Model.csproj", "{3E2E7F12-FA62-4471-9783-20F79146F7D2}"
	ProjectSection(ProjectDependencies) = postProject
		{63A8C737-A608-4321-8795-E345BE2A39A5} = {63A8C737-A608-4321-8795-E345BE2A39A5}
	EndProjectSection
EndProject
Project("{FAE04EC0-301F-11D3-BF4B-00C04F79EFBC}") = "LVL3.Model.Common", "LVL3.Model.Common\LVL3.Model.Common.csproj", "{63A8C737-A608-4321-8795-E345BE2A39A5}"
EndProject
Project("{FAE04EC0-301F-11D3-BF4B-00C04F79EFBC}") = "LVL3.Common", "LVL3.Common\LVL3.Common.csproj", "{3E421644-F6B5-4350-B54B-94EB84C690F5}"
EndProject
Project("{FAE04EC0-301F-11D3-BF4B-00C04F79EFBC}") = "LVL3.Repository", "LVL3.Repository\LVL3.Repository.csproj", "{3A08BCED-15CF-45E7-8366-820C494DE017}"
EndProject
Project("{FAE04EC0-301F-11D3-BF4B-00C04F79EFBC}") = "LVL3.Repository.Common", "LVL3.Repository.Common\LVL3.Repository.Common.csproj", "{DD6B95AA-D7E0-4C25-B59C-D1523AF19A1A}"
EndProject
Project("{FAE04EC0-301F-11D3-BF4B-00C04F79EFBC}") = "LVL3.Repository.Test", "LVL3.Repository.Test\LVL3.Repository.Test.csproj", "{0EA4700A-F478-4110-B569-1740ED713453}"
EndProject
Project("{FAE04EC0-301F-11D3-BF4B-00C04F79EFBC}") = "LVL3.Service", "LVL3.Service\LVL3.Service.csproj", "{27971E7D-BC6E-450E-93BE-D7A123ABCE66}"
EndProject
Project("{FAE04EC0-301F-11D3-BF4B-00C04F79EFBC}") = "LVL3.Service.Common", "LVL3.Service.Common\LVL3.Service.Common.csproj", "{5965D45F-B366-4FD6-913F-014D3287C88B}"
EndProject
Project("{FAE04EC0-301F-11D3-BF4B-00C04F79EFBC}") = "LVL3.MVC", "LVL3.MVC\LVL3.MVC.csproj", "{06245A1C-4284-4CD9-9B6D-9A648EFECA12}"
EndProject
Project("{FAE04EC0-301F-11D3-BF4B-00C04F79EFBC}") = "LVL3.MVC.Tests", "LVL3.MVC.Tests\LVL3.MVC.Tests.csproj", "{FD0FB938-AC37-4F45-9E6C-8B3E6AEEBAB1}"
EndProject
Global
	GlobalSection(SolutionConfigurationPlatforms) = preSolution
		Debug|Any CPU = Debug|Any CPU
		Release|Any CPU = Release|Any CPU
	EndGlobalSection
	GlobalSection(ProjectConfigurationPlatforms) = postSolution
		{F97D809E-73EC-42E0-BE5D-35DB52CF0C0C}.Debug|Any CPU.ActiveCfg = Debug|Any CPU
		{F97D809E-73EC-42E0-BE5D-35DB52CF0C0C}.Debug|Any CPU.Build.0 = Debug|Any CPU
		{F97D809E-73EC-42E0-BE5D-35DB52CF0C0C}.Release|Any CPU.ActiveCfg = Release|Any CPU
		{F97D809E-73EC-42E0-BE5D-35DB52CF0C0C}.Release|Any CPU.Build.0 = Release|Any CPU
		{3E2E7F12-FA62-4471-9783-20F79146F7D2}.Debug|Any CPU.ActiveCfg = Debug|Any CPU
		{3E2E7F12-FA62-4471-9783-20F79146F7D2}.Debug|Any CPU.Build.0 = Debug|Any CPU
		{3E2E7F12-FA62-4471-9783-20F79146F7D2}.Release|Any CPU.ActiveCfg = Release|Any CPU
		{3E2E7F12-FA62-4471-9783-20F79146F7D2}.Release|Any CPU.Build.0 = Release|Any CPU
		{63A8C737-A608-4321-8795-E345BE2A39A5}.Debug|Any CPU.ActiveCfg = Debug|Any CPU
		{63A8C737-A608-4321-8795-E345BE2A39A5}.Debug|Any CPU.Build.0 = Debug|Any CPU
		{63A8C737-A608-4321-8795-E345BE2A39A5}.Release|Any CPU.ActiveCfg = Release|Any CPU
		{63A8C737-A608-4321-8795-E345BE2A39A5}.Release|Any CPU.Build.0 = Release|Any CPU
		{3E421644-F6B5-4350-B54B-94EB84C690F5}.Debug|Any CPU.ActiveCfg = Debug|Any CPU
		{3E421644-F6B5-4350-B54B-94EB84C690F5}.Debug|Any CPU.Build.0 = Debug|Any CPU
		{3E421644-F6B5-4350-B54B-94EB84C690F5}.Release|Any CPU.ActiveCfg = Release|Any CPU
		{3E421644-F6B5-4350-B54B-94EB84C690F5}.Release|Any CPU.Build.0 = Release|Any CPU
		{3A08BCED-15CF-45E7-8366-820C494DE017}.Debug|Any CPU.ActiveCfg = Debug|Any CPU
		{3A08BCED-15CF-45E7-8366-820C494DE017}.Debug|Any CPU.Build.0 = Debug|Any CPU
		{3A08BCED-15CF-45E7-8366-820C494DE017}.Release|Any CPU.ActiveCfg = Release|Any CPU
		{3A08BCED-15CF-45E7-8366-820C494DE017}.Release|Any CPU.Build.0 = Release|Any CPU
		{DD6B95AA-D7E0-4C25-B59C-D1523AF19A1A}.Debug|Any CPU.ActiveCfg = Debug|Any CPU
		{DD6B95AA-D7E0-4C25-B59C-D1523AF19A1A}.Debug|Any CPU.Build.0 = Debug|Any CPU
		{DD6B95AA-D7E0-4C25-B59C-D1523AF19A1A}.Release|Any CPU.ActiveCfg = Release|Any CPU
		{DD6B95AA-D7E0-4C25-B59C-D1523AF19A1A}.Release|Any CPU.Build.0 = Release|Any CPU
		{0EA4700A-F478-4110-B569-1740ED713453}.Debug|Any CPU.ActiveCfg = Debug|Any CPU
		{0EA4700A-F478-4110-B569-1740ED713453}.Debug|Any CPU.Build.0 = Debug|Any CPU
		{0EA4700A-F478-4110-B569-1740ED713453}.Release|Any CPU.ActiveCfg = Release|Any CPU
		{0EA4700A-F478-4110-B569-1740ED713453}.Release|Any CPU.Build.0 = Release|Any CPU
		{27971E7D-BC6E-450E-93BE-D7A123ABCE66}.Debug|Any CPU.ActiveCfg = Debug|Any CPU
		{27971E7D-BC6E-450E-93BE-D7A123ABCE66}.Debug|Any CPU.Build.0 = Debug|Any CPU
		{27971E7D-BC6E-450E-93BE-D7A123ABCE66}.Release|Any CPU.ActiveCfg = Release|Any CPU
		{27971E7D-BC6E-450E-93BE-D7A123ABCE66}.Release|Any CPU.Build.0 = Release|Any CPU
		{5965D45F-B366-4FD6-913F-014D3287C88B}.Debug|Any CPU.ActiveCfg = Debug|Any CPU
		{5965D45F-B366-4FD6-913F-014D3287C88B}.Debug|Any CPU.Build.0 = Debug|Any CPU
		{5965D45F-B366-4FD6-913F-014D3287C88B}.Release|Any CPU.ActiveCfg = Release|Any CPU
		{5965D45F-B366-4FD6-913F-014D3287C88B}.Release|Any CPU.Build.0 = Release|Any CPU
		{06245A1C-4284-4CD9-9B6D-9A648EFECA12}.Debug|Any CPU.ActiveCfg = Debug|Any CPU
		{06245A1C-4284-4CD9-9B6D-9A648EFECA12}.Debug|Any CPU.Build.0 = Debug|Any CPU
		{06245A1C-4284-4CD9-9B6D-9A648EFECA12}.Release|Any CPU.ActiveCfg = Release|Any CPU
		{06245A1C-4284-4CD9-9B6D-9A648EFECA12}.Release|Any CPU.Build.0 = Release|Any CPU
		{FD0FB938-AC37-4F45-9E6C-8B3E6AEEBAB1}.Debug|Any CPU.ActiveCfg = Debug|Any CPU
		{FD0FB938-AC37-4F45-9E6C-8B3E6AEEBAB1}.Debug|Any CPU.Build.0 = Debug|Any CPU
		{FD0FB938-AC37-4F45-9E6C-8B3E6AEEBAB1}.Release|Any CPU.ActiveCfg = Release|Any CPU
		{FD0FB938-AC37-4F45-9E6C-8B3E6AEEBAB1}.Release|Any CPU.Build.0 = Release|Any CPU
	EndGlobalSection
	GlobalSection(SolutionProperties) = preSolution
		HideSolutionNode = FALSE
	EndGlobalSection
EndGlobal
